
Microsoft Visual Studio Solution File, Format Version 12.00
# Visual Studio Version 17
VisualStudioVersion = 17.0.31903.59
MinimumVisualStudioVersion = 10.0.40219.1
Project("{9A19103F-16F7-4668-BE54-9A1E7A4F7556}") = "MathPractice", "MathPractice\MathPractice.csproj", "{90DA3D2A-84B8-401C-BE36-C8A4D87C24DD}"
EndProject
Global
	GlobalSection(SolutionConfigurationPlatforms) = preSolution
		Debug|Any CPU = Debug|Any CPU
		Release|Any CPU = Release|Any CPU
	EndGlobalSection
	GlobalSection(ProjectConfigurationPlatforms) = postSolution
		{90DA3D2A-84B8-401C-BE36-C8A4D87C24DD}.Debug|Any CPU.ActiveCfg = Debug|Any CPU
		{90DA3D2A-84B8-401C-BE36-C8A4D87C24DD}.Debug|Any CPU.Build.0 = Debug|Any CPU
		{90DA3D2A-84B8-401C-BE36-C8A4D87C24DD}.Release|Any CPU.ActiveCfg = Release|Any CPU
		{90DA3D2A-84B8-401C-BE36-C8A4D87C24DD}.Release|Any CPU.Build.0 = Release|Any CPU
	EndGlobalSection
	GlobalSection(SolutionProperties) = preSolution
		HideSolutionNode = FALSE
	EndGlobalSection
	GlobalSection(ExtensibilityGlobals) = postSolution
		SolutionGuid = {D2B501F8-A246-4627-8ED6-9060A7C1E537}
	EndGlobalSection
EndGlobal
